
Microsoft Visual Studio Solution File, Format Version 12.00
# Visual Studio 2012
Project("{FAE04EC0-301F-11D3-BF4B-00C04F79EFBC}") = "Properties", "Properties\Properties.csproj", "{F041D3E8-40A4-42F1-9CE5-B97556E91117}"
EndProject
Global
	GlobalSection(SolutionConfigurationPlatforms) = preSolution
		Debug|Any CPU = Debug|Any CPU
		Release|Any CPU = Release|Any CPU
	EndGlobalSection
	GlobalSection(ProjectConfigurationPlatforms) = postSolution
		{F041D3E8-40A4-42F1-9CE5-B97556E91117}.Debug|Any CPU.ActiveCfg = Debug|Any CPU
		{F041D3E8-40A4-42F1-9CE5-B97556E91117}.Debug|Any CPU.Build.0 = Debug|Any CPU
		{F041D3E8-40A4-42F1-9CE5-B97556E91117}.Release|Any CPU.ActiveCfg = Release|Any CPU
		{F041D3E8-40A4-42F1-9CE5-B97556E91117}.Release|Any CPU.Build.0 = Release|Any CPU
	EndGlobalSection
	GlobalSection(SolutionProperties) = preSolution
		HideSolutionNode = FALSE
	EndGlobalSection
EndGlobal
